
Microsoft Visual Studio Solution File, Format Version 12.00
# Visual Studio 15
VisualStudioVersion = 15.0.27703.2026
MinimumVisualStudioVersion = 10.0.40219.1
Project("{FAE04EC0-301F-11D3-BF4B-00C04F79EFBC}") = "ProductApi", "ProductApi\ProductApi.csproj", "{DD1354A0-D3FE-47F3-BB0D-B03F551151F6}"
EndProject
Project("{FAE04EC0-301F-11D3-BF4B-00C04F79EFBC}") = "OrderApi", "OrderApi\OrderApi.csproj", "{B23683F6-C544-42B3-B372-02AC6855B7C4}"
EndProject
Project("{FAE04EC0-301F-11D3-BF4B-00C04F79EFBC}") = "OcelotServer", "OcelotServer\OcelotServer.csproj", "{7372305B-BAF4-4CAF-BB2F-5C2A98D8C669}"
EndProject
Project("{FAE04EC0-301F-11D3-BF4B-00C04F79EFBC}") = "IdentityServer", "IdentityServer\IdentityServer.csproj", "{FD0052AA-7265-4D4B-B07A-815E4772D11D}"
EndProject
Global
	GlobalSection(SolutionConfigurationPlatforms) = preSolution
		Debug|Any CPU = Debug|Any CPU
		Release|Any CPU = Release|Any CPU
	EndGlobalSection
	GlobalSection(ProjectConfigurationPlatforms) = postSolution
		{DD1354A0-D3FE-47F3-BB0D-B03F551151F6}.Debug|Any CPU.ActiveCfg = Debug|Any CPU
		{DD1354A0-D3FE-47F3-BB0D-B03F551151F6}.Debug|Any CPU.Build.0 = Debug|Any CPU
		{DD1354A0-D3FE-47F3-BB0D-B03F551151F6}.Release|Any CPU.ActiveCfg = Release|Any CPU
		{DD1354A0-D3FE-47F3-BB0D-B03F551151F6}.Release|Any CPU.Build.0 = Release|Any CPU
		{B23683F6-C544-42B3-B372-02AC6855B7C4}.Debug|Any CPU.ActiveCfg = Debug|Any CPU
		{B23683F6-C544-42B3-B372-02AC6855B7C4}.Debug|Any CPU.Build.0 = Debug|Any CPU
		{B23683F6-C544-42B3-B372-02AC6855B7C4}.Release|Any CPU.ActiveCfg = Release|Any CPU
		{B23683F6-C544-42B3-B372-02AC6855B7C4}.Release|Any CPU.Build.0 = Release|Any CPU
		{7372305B-BAF4-4CAF-BB2F-5C2A98D8C669}.Debug|Any CPU.ActiveCfg = Debug|Any CPU
		{7372305B-BAF4-4CAF-BB2F-5C2A98D8C669}.Debug|Any CPU.Build.0 = Debug|Any CPU
		{7372305B-BAF4-4CAF-BB2F-5C2A98D8C669}.Release|Any CPU.ActiveCfg = Release|Any CPU
		{7372305B-BAF4-4CAF-BB2F-5C2A98D8C669}.Release|Any CPU.Build.0 = Release|Any CPU
		{FD0052AA-7265-4D4B-B07A-815E4772D11D}.Debug|Any CPU.ActiveCfg = Debug|Any CPU
		{FD0052AA-7265-4D4B-B07A-815E4772D11D}.Debug|Any CPU.Build.0 = Debug|Any CPU
		{FD0052AA-7265-4D4B-B07A-815E4772D11D}.Release|Any CPU.ActiveCfg = Release|Any CPU
		{FD0052AA-7265-4D4B-B07A-815E4772D11D}.Release|Any CPU.Build.0 = Release|Any CPU
	EndGlobalSection
	GlobalSection(SolutionProperties) = preSolution
		HideSolutionNode = FALSE
	EndGlobalSection
	GlobalSection(ExtensibilityGlobals) = postSolution
		SolutionGuid = {7E869CA6-92C6-4D8F-8DEC-8EDC4B227E54}
	EndGlobalSection
EndGlobal
